
Microsoft Visual Studio Solution File, Format Version 12.00
# Visual Studio Version 17
VisualStudioVersion = 17.1.32210.238
MinimumVisualStudioVersion = 10.0.40219.1
Project("{FAE04EC0-301F-11D3-BF4B-00C04F79EFBC}") = "Temel Islemler", "Temel Islemler\Temel Islemler.csproj", "{83D47988-A5AF-4501-8ADE-4246BA4DA07B}"
EndProject
Project("{FAE04EC0-301F-11D3-BF4B-00C04F79EFBC}") = "ArrayListler", "ArrayListler\ArrayListler.csproj", "{108F3CFD-56D5-46E7-91B2-7352C71CCA1F}"
EndProject
Project("{FAE04EC0-301F-11D3-BF4B-00C04F79EFBC}") = "Fonksiyonlar", "Fonksiyonlar\Fonksiyonlar.csproj", "{5D7DEF63-73BE-40F5-B42B-21B81AC2EDEF}"
EndProject
Project("{FAE04EC0-301F-11D3-BF4B-00C04F79EFBC}") = "Deneme", "Deneme\Deneme.csproj", "{EEA62977-3C7B-4DE1-A1F4-966355A159C6}"
EndProject
Project("{FAE04EC0-301F-11D3-BF4B-00C04F79EFBC}") = "Veri Alt Ve Ust Limitleri", "Veri Alt Ve Ust Limitleri\Veri Alt Ve Ust Limitleri.csproj", "{89CC3460-7D26-4122-A3D3-8AC6E0A29DD3}"
EndProject
Project("{FAE04EC0-301F-11D3-BF4B-00C04F79EFBC}") = "Struct", "Struct\Struct.csproj", "{B5BFCE67-05A9-43E4-82FB-538386F20E4B}"
EndProject
Global
	GlobalSection(SolutionConfigurationPlatforms) = preSolution
		Debug|Any CPU = Debug|Any CPU
		Release|Any CPU = Release|Any CPU
	EndGlobalSection
	GlobalSection(ProjectConfigurationPlatforms) = postSolution
		{83D47988-A5AF-4501-8ADE-4246BA4DA07B}.Debug|Any CPU.ActiveCfg = Debug|Any CPU
		{83D47988-A5AF-4501-8ADE-4246BA4DA07B}.Debug|Any CPU.Build.0 = Debug|Any CPU
		{83D47988-A5AF-4501-8ADE-4246BA4DA07B}.Release|Any CPU.ActiveCfg = Release|Any CPU
		{83D47988-A5AF-4501-8ADE-4246BA4DA07B}.Release|Any CPU.Build.0 = Release|Any CPU
		{108F3CFD-56D5-46E7-91B2-7352C71CCA1F}.Debug|Any CPU.ActiveCfg = Debug|Any CPU
		{108F3CFD-56D5-46E7-91B2-7352C71CCA1F}.Debug|Any CPU.Build.0 = Debug|Any CPU
		{108F3CFD-56D5-46E7-91B2-7352C71CCA1F}.Release|Any CPU.ActiveCfg = Release|Any CPU
		{108F3CFD-56D5-46E7-91B2-7352C71CCA1F}.Release|Any CPU.Build.0 = Release|Any CPU
		{5D7DEF63-73BE-40F5-B42B-21B81AC2EDEF}.Debug|Any CPU.ActiveCfg = Debug|Any CPU
		{5D7DEF63-73BE-40F5-B42B-21B81AC2EDEF}.Debug|Any CPU.Build.0 = Debug|Any CPU
		{5D7DEF63-73BE-40F5-B42B-21B81AC2EDEF}.Release|Any CPU.ActiveCfg = Release|Any CPU
		{5D7DEF63-73BE-40F5-B42B-21B81AC2EDEF}.Release|Any CPU.Build.0 = Release|Any CPU
		{EEA62977-3C7B-4DE1-A1F4-966355A159C6}.Debug|Any CPU.ActiveCfg = Debug|Any CPU
		{EEA62977-3C7B-4DE1-A1F4-966355A159C6}.Debug|Any CPU.Build.0 = Debug|Any CPU
		{EEA62977-3C7B-4DE1-A1F4-966355A159C6}.Release|Any CPU.ActiveCfg = Release|Any CPU
		{EEA62977-3C7B-4DE1-A1F4-966355A159C6}.Release|Any CPU.Build.0 = Release|Any CPU
		{89CC3460-7D26-4122-A3D3-8AC6E0A29DD3}.Debug|Any CPU.ActiveCfg = Debug|Any CPU
		{89CC3460-7D26-4122-A3D3-8AC6E0A29DD3}.Debug|Any CPU.Build.0 = Debug|Any CPU
		{89CC3460-7D26-4122-A3D3-8AC6E0A29DD3}.Release|Any CPU.ActiveCfg = Release|Any CPU
		{89CC3460-7D26-4122-A3D3-8AC6E0A29DD3}.Release|Any CPU.Build.0 = Release|Any CPU
		{B5BFCE67-05A9-43E4-82FB-538386F20E4B}.Debug|Any CPU.ActiveCfg = Debug|Any CPU
		{B5BFCE67-05A9-43E4-82FB-538386F20E4B}.Debug|Any CPU.Build.0 = Debug|Any CPU
		{B5BFCE67-05A9-43E4-82FB-538386F20E4B}.Release|Any CPU.ActiveCfg = Release|Any CPU
		{B5BFCE67-05A9-43E4-82FB-538386F20E4B}.Release|Any CPU.Build.0 = Release|Any CPU
	EndGlobalSection
	GlobalSection(SolutionProperties) = preSolution
		HideSolutionNode = FALSE
	EndGlobalSection
	GlobalSection(ExtensibilityGlobals) = postSolution
		SolutionGuid = {3EEB7995-3ABD-4FD9-90D2-A4DB21C24B2C}
	EndGlobalSection
EndGlobal
