
Microsoft Visual Studio Solution File, Format Version 12.00
# Visual Studio Version 17
VisualStudioVersion = 17.1.32210.238
MinimumVisualStudioVersion = 10.0.40219.1
Project("{FAE04EC0-301F-11D3-BF4B-00C04F79EFBC}") = "Button Kullanımı", "Button Kullanımı.csproj", "{D0D13AB5-A502-4AA6-B804-B075EF265B7E}"
EndProject
Global
	GlobalSection(SolutionConfigurationPlatforms) = preSolution
		Debug|Any CPU = Debug|Any CPU
		Release|Any CPU = Release|Any CPU
	EndGlobalSection
	GlobalSection(ProjectConfigurationPlatforms) = postSolution
		{D0D13AB5-A502-4AA6-B804-B075EF265B7E}.Debug|Any CPU.ActiveCfg = Debug|Any CPU
		{D0D13AB5-A502-4AA6-B804-B075EF265B7E}.Debug|Any CPU.Build.0 = Debug|Any CPU
		{D0D13AB5-A502-4AA6-B804-B075EF265B7E}.Release|Any CPU.ActiveCfg = Release|Any CPU
		{D0D13AB5-A502-4AA6-B804-B075EF265B7E}.Release|Any CPU.Build.0 = Release|Any CPU
	EndGlobalSection
	GlobalSection(SolutionProperties) = preSolution
		HideSolutionNode = FALSE
	EndGlobalSection
	GlobalSection(ExtensibilityGlobals) = postSolution
		SolutionGuid = {DB01D2E2-B068-4EFA-B4AC-2C6555EBC5CB}
	EndGlobalSection
EndGlobal
